github.com/wneessen/go-mail v0.7.3 h1:g3DravXC5SMlVdboFrQA8Jx95A8sOzoBeS5F+vzNRK0=
github.com/wneessen/go-mail v0.7.3/go.mod h1:QGhBX0yNbc1J+Mkjcu7z2rpj4B4l+BmDY8gYznPC9sk=
golang.org/x/text v0.37.0 h1:Cqjiwd9eSg8e0QAkyCaQTNHFIIzWtidPahFWR83rTrc=
golang.org/x/text v0.37.0/go.mod h1:a5sjxXGs9hsn/AJVwuElvCAo9v8QYLzvavO5z2PiM38=
